
Microsoft Visual Studio Solution File, Format Version 12.00
# Visual Studio Version 17
VisualStudioVersion = 17.14.36511.14
MinimumVisualStudioVersion = 10.0.40219.1
Project("{FAE04EC0-301F-11D3-BF4B-00C04F79EFBC}") = "Orders.Backend", "Orders.Backend\Orders.Backend.csproj", "{F882CCBF-AB1C-4457-8A96-8529D88B6F48}"
EndProject
Project("{FAE04EC0-301F-11D3-BF4B-00C04F79EFBC}") = "Orders.Shared", "Orders.Shared\Orders.Shared.csproj", "{84C842F7-E487-433A-B375-689849EE214F}"
EndProject
Project("{FAE04EC0-301F-11D3-BF4B-00C04F79EFBC}") = "Orders.Frontend", "Orders.Frontend\Orders.Frontend.csproj", "{FE33B5D1-D6BE-F5C5-0E57-09A39A7B0FEF}"
EndProject
Global
	GlobalSection(SolutionConfigurationPlatforms) = preSolution
		Debug|Any CPU = Debug|Any CPU
		Release|Any CPU = Release|Any CPU
	EndGlobalSection
	GlobalSection(ProjectConfigurationPlatforms) = postSolution
		{F882CCBF-AB1C-4457-8A96-8529D88B6F48}.Debug|Any CPU.ActiveCfg = Debug|Any CPU
		{F882CCBF-AB1C-4457-8A96-8529D88B6F48}.Debug|Any CPU.Build.0 = Debug|Any CPU
		{F882CCBF-AB1C-4457-8A96-8529D88B6F48}.Release|Any CPU.ActiveCfg = Release|Any CPU
		{F882CCBF-AB1C-4457-8A96-8529D88B6F48}.Release|Any CPU.Build.0 = Release|Any CPU
		{84C842F7-E487-433A-B375-689849EE214F}.Debug|Any CPU.ActiveCfg = Debug|Any CPU
		{84C842F7-E487-433A-B375-689849EE214F}.Debug|Any CPU.Build.0 = Debug|Any CPU
		{84C842F7-E487-433A-B375-689849EE214F}.Release|Any CPU.ActiveCfg = Release|Any CPU
		{84C842F7-E487-433A-B375-689849EE214F}.Release|Any CPU.Build.0 = Release|Any CPU
		{FE33B5D1-D6BE-F5C5-0E57-09A39A7B0FEF}.Debug|Any CPU.ActiveCfg = Debug|Any CPU
		{FE33B5D1-D6BE-F5C5-0E57-09A39A7B0FEF}.Debug|Any CPU.Build.0 = Debug|Any CPU
		{FE33B5D1-D6BE-F5C5-0E57-09A39A7B0FEF}.Release|Any CPU.ActiveCfg = Release|Any CPU
		{FE33B5D1-D6BE-F5C5-0E57-09A39A7B0FEF}.Release|Any CPU.Build.0 = Release|Any CPU
	EndGlobalSection
	GlobalSection(SolutionProperties) = preSolution
		HideSolutionNode = FALSE
	EndGlobalSection
	GlobalSection(ExtensibilityGlobals) = postSolution
		SolutionGuid = {907A2F38-C9DA-4FD1-8AB7-284203367241}
	EndGlobalSection
EndGlobal
